
Microsoft Visual Studio Solution File, Format Version 12.00
# Visual Studio 15
Project("{FAE04EC0-301F-11D3-BF4B-00C04F79EFBC}") = "Assembly-CSharp", "Assembly-CSharp.csproj", "{CAFEFB0B-8AC4-AC99-FF59-3D8C5E445F6C}"
EndProject
Project("{FAE04EC0-301F-11D3-BF4B-00C04F79EFBC}") = "Assembly-CSharp-firstpass", "Assembly-CSharp-firstpass.csproj", "{259F5DA2-A65B-44E7-D2FD-6AB9E373803D}"
EndProject
Project("{FAE04EC0-301F-11D3-BF4B-00C04F79EFBC}") = "Assembly-CSharp-Editor", "Assembly-CSharp-Editor.csproj", "{A48CCA52-B374-7A7E-C822-E6029FBEFF15}"
EndProject
Global
	GlobalSection(SolutionConfigurationPlatforms) = preSolution
		Debug|Any CPU = Debug|Any CPU
		Release|Any CPU = Release|Any CPU
	EndGlobalSection
	GlobalSection(ProjectConfigurationPlatforms) = postSolution
		{CAFEFB0B-8AC4-AC99-FF59-3D8C5E445F6C}.Debug|Any CPU.ActiveCfg = Debug|Any CPU
		{CAFEFB0B-8AC4-AC99-FF59-3D8C5E445F6C}.Debug|Any CPU.Build.0 = Debug|Any CPU
		{CAFEFB0B-8AC4-AC99-FF59-3D8C5E445F6C}.Release|Any CPU.ActiveCfg = Release|Any CPU
		{CAFEFB0B-8AC4-AC99-FF59-3D8C5E445F6C}.Release|Any CPU.Build.0 = Release|Any CPU
		{259F5DA2-A65B-44E7-D2FD-6AB9E373803D}.Debug|Any CPU.ActiveCfg = Debug|Any CPU
		{259F5DA2-A65B-44E7-D2FD-6AB9E373803D}.Debug|Any CPU.Build.0 = Debug|Any CPU
		{259F5DA2-A65B-44E7-D2FD-6AB9E373803D}.Release|Any CPU.ActiveCfg = Release|Any CPU
		{259F5DA2-A65B-44E7-D2FD-6AB9E373803D}.Release|Any CPU.Build.0 = Release|Any CPU
		{A48CCA52-B374-7A7E-C822-E6029FBEFF15}.Debug|Any CPU.ActiveCfg = Debug|Any CPU
		{A48CCA52-B374-7A7E-C822-E6029FBEFF15}.Debug|Any CPU.Build.0 = Debug|Any CPU
		{A48CCA52-B374-7A7E-C822-E6029FBEFF15}.Release|Any CPU.ActiveCfg = Release|Any CPU
		{A48CCA52-B374-7A7E-C822-E6029FBEFF15}.Release|Any CPU.Build.0 = Release|Any CPU
	EndGlobalSection
	GlobalSection(SolutionProperties) = preSolution
		HideSolutionNode = FALSE
	EndGlobalSection
EndGlobal
